
Microsoft Visual Studio Solution File, Format Version 12.00
# Visual Studio Version 16
VisualStudioVersion = 16.0.31321.278
MinimumVisualStudioVersion = 10.0.40219.1
Project("{FAE04EC0-301F-11D3-BF4B-00C04F79EFBC}") = "CellExperiment", "CellExperiment\CellExperiment.csproj", "{99993A6D-D111-421A-B97E-503A8E44A2F7}"
EndProject
Global
	GlobalSection(SolutionConfigurationPlatforms) = preSolution
		Debug|Any CPU = Debug|Any CPU
		Release|Any CPU = Release|Any CPU
	EndGlobalSection
	GlobalSection(ProjectConfigurationPlatforms) = postSolution
		{99993A6D-D111-421A-B97E-503A8E44A2F7}.Debug|Any CPU.ActiveCfg = Debug|Any CPU
		{99993A6D-D111-421A-B97E-503A8E44A2F7}.Debug|Any CPU.Build.0 = Debug|Any CPU
		{99993A6D-D111-421A-B97E-503A8E44A2F7}.Release|Any CPU.ActiveCfg = Release|Any CPU
		{99993A6D-D111-421A-B97E-503A8E44A2F7}.Release|Any CPU.Build.0 = Release|Any CPU
	EndGlobalSection
	GlobalSection(SolutionProperties) = preSolution
		HideSolutionNode = FALSE
	EndGlobalSection
	GlobalSection(ExtensibilityGlobals) = postSolution
		SolutionGuid = {29431E26-F94A-49AB-9B5D-D9C033EA09FF}
	EndGlobalSection
EndGlobal
